{
  "name": "agent-standard",
  "version": "0.0.0-private",
  "lockfileVersion": 3,
  "requires": true,
  "packages": {
    "": {
      "name": "agent-standard",
      "version": "0.0.0-private",
      "bin": {
        "agent-standard": "bin/agent-standard.mjs"
      },
      "engines": {
        "node": ">=22.13"
      }
    }
  }
}
